# THIS IS AN AUTOGENERATED FILE. DO NOT EDIT THIS FILE DIRECTLY.
# yarn lockfile v1


react-device-detect@^1.17.0:
  version "1.17.0"
  resolved "https://registry.yarnpkg.com/react-device-detect/-/react-device-detect-1.17.0.tgz#a00b4fd6880cebfab3fd8a42a79dc0290cdddca9"
  integrity sha512-bBblIStwpHmoS281JFIVqeimcN3LhpoP5YKDWzxQdBIUP8S2xPvHDgizLDhUq2ScguLfVPmwfF5y268EEQR60w==
  dependencies:
    ua-parser-js "^0.7.24"

ua-parser-js@^0.7.24:
  version "0.7.28"
  resolved "https://registry.yarnpkg.com/ua-parser-js/-/ua-parser-js-0.7.28.tgz#8ba04e653f35ce210239c64661685bf9121dec31"
  integrity sha512-6Gurc1n//gjp9eQNXjD9O3M/sMwVtN5S8Lv9bvOYBfKfDNiIIhqiyi01vMBO45u4zkDE420w/e0se7Vs+sIg+g==
