# THIS IS AN AUTOGENERATED FILE. DO NOT EDIT THIS FILE DIRECTLY.
# yarn lockfile v1


"@headlessui/react@^1.0.0":
  version "1.0.0"
  resolved "https://registry.yarnpkg.com/@headlessui/react/-/react-1.0.0.tgz#661b50ebfd25041abb45d8eedd85e7559056bcaf"
  integrity sha512-mjqRJrgkbcHQBfAHnqH0yRxO/y/22jYrdltpE7WkurafREKZ+pj5bPBwYHMt935Sdz/n16yRcVmsSCqDFHee9A==
